{
    "_readme": [
        "This file locks the dependencies of your project to a known state",
        "Read more about it at https://getcomposer.org/doc/01-basic-usage.md#installing-dependencies",
        "This file is @generated automatically"
    ],
    "content-hash": "a8c2a10d6948c2d1c6661b7771136c35",
    "packages": [
        {
            "name": "brezgalov/api-wrapper",
            "version": "v1.0",
            "source": {
                "type": "git",
                "url": "https://github.com/Brezgalov/api-wrapper.git",
                "reference": "d2277b1a97c1f07892b00f342bb5822a882d37ea"
            },
            "dist": {
                "type": "zip",
                "url": "https://api.github.com/repos/Brezgalov/api-wrapper/zipball/d2277b1a97c1f07892b00f342bb5822a882d37ea",
                "reference": "d2277b1a97c1f07892b00f342bb5822a882d37ea",
                "shasum": ""
            },
            "require": {
                "ext-curl": "*",
                "php": ">=5.4.0"
            },
            "type": "library",
            "autoload": {
                "psr-4": {
                    "brezgalov\\ApiWrapper\\": "src/"
                }
            },
            "notification-url": "https://packagist.org/downloads/",
            "license": [
                "MIT"
            ],
            "authors": [
                {
                    "name": "Oleg Brezgalov",
                    "email": "oleg.brezgalov@gmail.com"
                }
            ],
            "description": "Api client base classes",
            "time": "2019-01-10T12:59:14+00:00"
        }
    ],
    "packages-dev": [],
    "aliases": [],
    "minimum-stability": "stable",
    "stability-flags": [],
    "prefer-stable": false,
    "prefer-lowest": false,
    "platform": {
        "php": ">=5.4.0",
        "ext-curl": "*"
    },
    "platform-dev": []
}
